// !$*UTF8*$!
{
	archiveVersion = 1;
	classes = {
	};
	objectVersion = 55;
	objects = {

/* Begin PBXBuildFile section */
		3785746327648B1B00E3ABE6 /* HomeViewController.swift in Sources */ = {isa = PBXBuildFile; fileRef = 3785746227648B1B00E3ABE6 /* HomeViewController.swift */; };
		378574672764AD9300E3ABE6 /* ListsViewController.swift in Sources */ = {isa = PBXBuildFile; fileRef = 378574662764AD9300E3ABE6 /* ListsViewController.swift */; };
		3785746A2764F36E00E3ABE6 /* TableViewCell.swift in Sources */ = {isa = PBXBuildFile; fileRef = 378574682764F36E00E3ABE6 /* TableViewCell.swift */; };
		3785746B2764F36E00E3ABE6 /* TableViewCell.xib in Resources */ = {isa = PBXBuildFile; fileRef = 378574692764F36E00E3ABE6 /* TableViewCell.xib */; };
		3785746D2764F49500E3ABE6 /* LIST_JSON.json in Resources */ = {isa = PBXBuildFile; fileRef = 3785746C2764F49500E3ABE6 /* LIST_JSON.json */; };
		3785746F2764F92600E3ABE6 /* MovieViewController.swift in Sources */ = {isa = PBXBuildFile; fileRef = 3785746E2764F92600E3ABE6 /* MovieViewController.swift */; };
		378574712764FAF700E3ABE6 /* PDFViewController.swift in Sources */ = {isa = PBXBuildFile; fileRef = 378574702764FAF700E3ABE6 /* PDFViewController.swift */; };
		378574732764FE2100E3ABE6 /* DirectoriModel.swift in Sources */ = {isa = PBXBuildFile; fileRef = 378574722764FE2100E3ABE6 /* DirectoriModel.swift */; };
		37E41CD2276236D3002174D5 /* AppDelegate.swift in Sources */ = {isa = PBXBuildFile; fileRef = 37E41CD1276236D3002174D5 /* AppDelegate.swift */; };
		37E41CD4276236D3002174D5 /* SceneDelegate.swift in Sources */ = {isa = PBXBuildFile; fileRef = 37E41CD3276236D3002174D5 /* SceneDelegate.swift */; };
		37E41CD9276236D3002174D5 /* Main.storyboard in Resources */ = {isa = PBXBuildFile; fileRef = 37E41CD7276236D3002174D5 /* Main.storyboard */; };
		37E41CDB276236D5002174D5 /* Assets.xcassets in Resources */ = {isa = PBXBuildFile; fileRef = 37E41CDA276236D5002174D5 /* Assets.xcassets */; };
		37E41CDE276236D5002174D5 /* LaunchScreen.storyboard in Resources */ = {isa = PBXBuildFile; fileRef = 37E41CDC276236D5002174D5 /* LaunchScreen.storyboard */; };
		37E41CE9276236D5002174D5 /* SolutionAppTests.swift in Sources */ = {isa = PBXBuildFile; fileRef = 37E41CE8276236D5002174D5 /* SolutionAppTests.swift */; };
		37E41CF3276236D5002174D5 /* SolutionAppUITests.swift in Sources */ = {isa = PBXBuildFile; fileRef = 37E41CF2276236D5002174D5 /* SolutionAppUITests.swift */; };
		37E41CF5276236D5002174D5 /* SolutionAppUITestsLaunchTests.swift in Sources */ = {isa = PBXBuildFile; fileRef = 37E41CF4276236D5002174D5 /* SolutionAppUITestsLaunchTests.swift */; };
		37E41D0527624175002174D5 /* ListModel.swift in Sources */ = {isa = PBXBuildFile; fileRef = 37E41D0427624175002174D5 /* ListModel.swift */; };
/* End PBXBuildFile section */

/* Begin PBXContainerItemProxy section */
		37E41CE5276236D5002174D5 /* PBXContainerItemProxy */ = {
			isa = PBXContainerItemProxy;
			containerPortal = 37E41CC6276236D3002174D5 /* Project object */;
			proxyType = 1;
			remoteGlobalIDString = 37E41CCD276236D3002174D5;
			remoteInfo = SolutionApp;
		};
		37E41CEF276236D5002174D5 /* PBXContainerItemProxy */ = {
			isa = PBXContainerItemProxy;
			containerPortal = 37E41CC6276236D3002174D5 /* Project object */;
			proxyType = 1;
			remoteGlobalIDString = 37E41CCD276236D3002174D5;
			remoteInfo = SolutionApp;
		};
/* End PBXContainerItemProxy section */

/* Begin PBXFileReference section */
		3785746227648B1B00E3ABE6 /* HomeViewController.swift */ = {isa = PBXFileReference; lastKnownFileType = sourcecode.swift; path = HomeViewController.swift; sourceTree = "<group>"; };
		378574662764AD9300E3ABE6 /* ListsViewController.swift */ = {isa = PBXFileReference; lastKnownFileType = sourcecode.swift; path = ListsViewController.swift; sourceTree = "<group>"; };
		378574682764F36E00E3ABE6 /* TableViewCell.swift */ = {isa = PBXFileReference; lastKnownFileType = sourcecode.swift; path = TableViewCell.swift; sourceTree = "<group>"; };
		378574692764F36E00E3ABE6 /* TableViewCell.xib */ = {isa = PBXFileReference; lastKnownFileType = file.xib; path = TableViewCell.xib; sourceTree = "<group>"; };
		3785746C2764F49500E3ABE6 /* LIST_JSON.json */ = {isa = PBXFileReference; fileEncoding = 4; lastKnownFileType = text.json; path = LIST_JSON.json; sourceTree = "<group>"; };
		3785746E2764F92600E3ABE6 /* MovieViewController.swift */ = {isa = PBXFileReference; lastKnownFileType = sourcecode.swift; path = MovieViewController.swift; sourceTree = "<group>"; };
		378574702764FAF700E3ABE6 /* PDFViewController.swift */ = {isa = PBXFileReference; lastKnownFileType = sourcecode.swift; path = PDFViewController.swift; sourceTree = "<group>"; };
		378574722764FE2100E3ABE6 /* DirectoriModel.swift */ = {isa = PBXFileReference; lastKnownFileType = sourcecode.swift; path = DirectoriModel.swift; sourceTree = "<group>"; };
		37E41CCE276236D3002174D5 /* SolutionApp.app */ = {isa = PBXFileReference; explicitFileType = wrapper.application; includeInIndex = 0; path = SolutionApp.app; sourceTree = BUILT_PRODUCTS_DIR; };
		37E41CD1276236D3002174D5 /* AppDelegate.swift */ = {isa = PBXFileReference; lastKnownFileType = sourcecode.swift; path = AppDelegate.swift; sourceTree = "<group>"; };
		37E41CD3276236D3002174D5 /* SceneDelegate.swift */ = {isa = PBXFileReference; lastKnownFileType = sourcecode.swift; path = SceneDelegate.swift; sourceTree = "<group>"; };
		37E41CD8276236D3002174D5 /* Base */ = {isa = PBXFileReference; lastKnownFileType = file.storyboard; name = Base; path = Base.lproj/Main.storyboard; sourceTree = "<group>"; };
		37E41CDA276236D5002174D5 /* Assets.xcassets */ = {isa = PBXFileReference; lastKnownFileType = folder.assetcatalog; path = Assets.xcassets; sourceTree = "<group>"; };
		37E41CDD276236D5002174D5 /* Base */ = {isa = PBXFileReference; lastKnownFileType = file.storyboard; name = Base; path = Base.lproj/LaunchScreen.storyboard; sourceTree = "<group>"; };
		37E41CDF276236D5002174D5 /* Info.plist */ = {isa = PBXFileReference; lastKnownFileType = text.plist.xml; path = Info.plist; sourceTree = "<group>"; };
		37E41CE4276236D5002174D5 /* SolutionAppTests.xctest */ = {isa = PBXFileReference; explicitFileType = wrapper.cfbundle; includeInIndex = 0; path = SolutionAppTests.xctest; sourceTree = BUILT_PRODUCTS_DIR; };
		37E41CE8276236D5002174D5 /* SolutionAppTests.swift */ = {isa = PBXFileReference; lastKnownFileType = sourcecode.swift; path = SolutionAppTests.swift; sourceTree = "<group>"; };
		37E41CEE276236D5002174D5 /* SolutionAppUITests.xctest */ = {isa = PBXFileReference; explicitFileType = wrapper.cfbundle; includeInIndex = 0; path = SolutionAppUITests.xctest; sourceTree = BUILT_PRODUCTS_DIR; };
		37E41CF2276236D5002174D5 /* SolutionAppUITests.swift */ = {isa = PBXFileReference; lastKnownFileType = sourcecode.swift; path = SolutionAppUITests.swift; sourceTree = "<group>"; };
		37E41CF4276236D5002174D5 /* SolutionAppUITestsLaunchTests.swift */ = {isa = PBXFileReference; lastKnownFileType = sourcecode.swift; path = SolutionAppUITestsLaunchTests.swift; sourceTree = "<group>"; };
		37E41D0427624175002174D5 /* ListModel.swift */ = {isa = PBXFileReference; lastKnownFileType = sourcecode.swift; path = ListModel.swift; sourceTree = "<group>"; };
/* End PBXFileReference section */

/* Begin PBXFrameworksBuildPhase section */
		37E41CCB276236D3002174D5 /* Frameworks */ = {
			isa = PBXFrameworksBuildPhase;
			buildActionMask = 2147483647;
			files = (
			);
			runOnlyForDeploymentPostprocessing = 0;
		};
		37E41CE1276236D5002174D5 /* Frameworks */ = {
			isa = PBXFrameworksBuildPhase;
			buildActionMask = 2147483647;
			files = (
			);
			runOnlyForDeploymentPostprocessing = 0;
		};
		37E41CEB276236D5002174D5 /* Frameworks */ = {
			isa = PBXFrameworksBuildPhase;
			buildActionMask = 2147483647;
			files = (
			);
			runOnlyForDeploymentPostprocessing = 0;
		};
/* End PBXFrameworksBuildPhase section */

/* Begin PBXGroup section */
		37E41CC5276236D3002174D5 = {
			isa = PBXGroup;
			children = (
				37E41CD0276236D3002174D5 /* SolutionApp */,
				37E41CE7276236D5002174D5 /* SolutionAppTests */,
				37E41CF1276236D5002174D5 /* SolutionAppUITests */,
				37E41CCF276236D3002174D5 /* Products */,
			);
			sourceTree = "<group>";
		};
		37E41CCF276236D3002174D5 /* Products */ = {
			isa = PBXGroup;
			children = (
				37E41CCE276236D3002174D5 /* SolutionApp.app */,
				37E41CE4276236D5002174D5 /* SolutionAppTests.xctest */,
				37E41CEE276236D5002174D5 /* SolutionAppUITests.xctest */,
			);
			name = Products;
			sourceTree = "<group>";
		};
		37E41CD0276236D3002174D5 /* SolutionApp */ = {
			isa = PBXGroup;
			children = (
				37E41D0227623D05002174D5 /* Model */,
				37E41D0127623CE8002174D5 /* View */,
				37E41D0327623D17002174D5 /* Controller */,
				37E41CDA276236D5002174D5 /* Assets.xcassets */,
				3785746C2764F49500E3ABE6 /* LIST_JSON.json */,
				37E41CDC276236D5002174D5 /* LaunchScreen.storyboard */,
				37E41CDF276236D5002174D5 /* Info.plist */,
			);
			path = SolutionApp;
			sourceTree = "<group>";
		};
		37E41CE7276236D5002174D5 /* SolutionAppTests */ = {
			isa = PBXGroup;
			children = (
				37E41CE8276236D5002174D5 /* SolutionAppTests.swift */,
			);
			path = SolutionAppTests;
			sourceTree = "<group>";
		};
		37E41CF1276236D5002174D5 /* SolutionAppUITests */ = {
			isa = PBXGroup;
			children = (
				37E41CF2276236D5002174D5 /* SolutionAppUITests.swift */,
				37E41CF4276236D5002174D5 /* SolutionAppUITestsLaunchTests.swift */,
			);
			path = SolutionAppUITests;
			sourceTree = "<group>";
		};
		37E41D0127623CE8002174D5 /* View */ = {
			isa = PBXGroup;
			children = (
				37E41CD7276236D3002174D5 /* Main.storyboard */,
				378574682764F36E00E3ABE6 /* TableViewCell.swift */,
				378574692764F36E00E3ABE6 /* TableViewCell.xib */,
			);
			path = View;
			sourceTree = "<group>";
		};
		37E41D0227623D05002174D5 /* Model */ = {
			isa = PBXGroup;
			children = (
				37E41D0427624175002174D5 /* ListModel.swift */,
				378574722764FE2100E3ABE6 /* DirectoriModel.swift */,
			);
			path = Model;
			sourceTree = "<group>";
		};
		37E41D0327623D17002174D5 /* Controller */ = {
			isa = PBXGroup;
			children = (
				37E41CD1276236D3002174D5 /* AppDelegate.swift */,
				37E41CD3276236D3002174D5 /* SceneDelegate.swift */,
				3785746227648B1B00E3ABE6 /* HomeViewController.swift */,
				378574662764AD9300E3ABE6 /* ListsViewController.swift */,
				378574702764FAF700E3ABE6 /* PDFViewController.swift */,
				3785746E2764F92600E3ABE6 /* MovieViewController.swift */,
			);
			path = Controller;
			sourceTree = "<group>";
		};
/* End PBXGroup section */

/* Begin PBXNativeTarget section */
		37E41CCD276236D3002174D5 /* SolutionApp */ = {
			isa = PBXNativeTarget;
			buildConfigurationList = 37E41CF8276236D5002174D5 /* Build configuration list for PBXNativeTarget "SolutionApp" */;
			buildPhases = (
				37E41CCA276236D3002174D5 /* Sources */,
				37E41CCB276236D3002174D5 /* Frameworks */,
				37E41CCC276236D3002174D5 /* Resources */,
			);
			buildRules = (
			);
			dependencies = (
			);
			name = SolutionApp;
			productName = SolutionApp;
			productReference = 37E41CCE276236D3002174D5 /* SolutionApp.app */;
			productType = "com.apple.product-type.application";
		};
		37E41CE3276236D5002174D5 /* SolutionAppTests */ = {
			isa = PBXNativeTarget;
			buildConfigurationList = 37E41CFB276236D5002174D5 /* Build configuration list for PBXNativeTarget "SolutionAppTests" */;
			buildPhases = (
				37E41CE0276236D5002174D5 /* Sources */,
				37E41CE1276236D5002174D5 /* Frameworks */,
				37E41CE2276236D5002174D5 /* Resources */,
			);
			buildRules = (
			);
			dependencies = (
				37E41CE6276236D5002174D5 /* PBXTargetDependency */,
			);
			name = SolutionAppTests;
			productName = SolutionAppTests;
			productReference = 37E41CE4276236D5002174D5 /* SolutionAppTests.xctest */;
			productType = "com.apple.product-type.bundle.unit-test";
		};
		37E41CED276236D5002174D5 /* SolutionAppUITests */ = {
			isa = PBXNativeTarget;
			buildConfigurationList = 37E41CFE276236D5002174D5 /* Build configuration list for PBXNativeTarget "SolutionAppUITests" */;
			buildPhases = (
				37E41CEA276236D5002174D5 /* Sources */,
				37E41CEB276236D5002174D5 /* Frameworks */,
				37E41CEC276236D5002174D5 /* Resources */,
			);
			buildRules = (
			);
			dependencies = (
				37E41CF0276236D5002174D5 /* PBXTargetDependency */,
			);
			name = SolutionAppUITests;
			productName = SolutionAppUITests;
			productReference = 37E41CEE276236D5002174D5 /* SolutionAppUITests.xctest */;
			productType = "com.apple.product-type.bundle.ui-testing";
		};
/* End PBXNativeTarget section */

/* Begin PBXProject section */
		37E41CC6276236D3002174D5 /* Project object */ = {
			isa = PBXProject;
			attributes = {
				BuildIndependentTargetsInParallel = 1;
				LastSwiftUpdateCheck = 1310;
				LastUpgradeCheck = 1310;
				TargetAttributes = {
					37E41CCD276236D3002174D5 = {
						CreatedOnToolsVersion = 13.1;
					};
					37E41CE3276236D5002174D5 = {
						CreatedOnToolsVersion = 13.1;
						TestTargetID = 37E41CCD276236D3002174D5;
					};
					37E41CED276236D5002174D5 = {
						CreatedOnToolsVersion = 13.1;
						TestTargetID = 37E41CCD276236D3002174D5;
					};
				};
			};
			buildConfigurationList = 37E41CC9276236D3002174D5 /* Build configuration list for PBXProject "SolutionApp" */;
			compatibilityVersion = "Xcode 13.0";
			developmentRegion = en;
			hasScannedForEncodings = 0;
			knownRegions = (
				en,
				Base,
			);
			mainGroup = 37E41CC5276236D3002174D5;
			productRefGroup = 37E41CCF276236D3002174D5 /* Products */;
			projectDirPath = "";
			projectRoot = "";
			targets = (
				37E41CCD276236D3002174D5 /* SolutionApp */,
				37E41CE3276236D5002174D5 /* SolutionAppTests */,
				37E41CED276236D5002174D5 /* SolutionAppUITests */,
			);
		};
/* End PBXProject section */

/* Begin PBXResourcesBuildPhase section */
		37E41CCC276236D3002174D5 /* Resources */ = {
			isa = PBXResourcesBuildPhase;
			buildActionMask = 2147483647;
			files = (
				37E41CDE276236D5002174D5 /* LaunchScreen.storyboard in Resources */,
				3785746B2764F36E00E3ABE6 /* TableViewCell.xib in Resources */,
				37E41CDB276236D5002174D5 /* Assets.xcassets in Resources */,
				3785746D2764F49500E3ABE6 /* LIST_JSON.json in Resources */,
				37E41CD9276236D3002174D5 /* Main.storyboard in Resources */,
			);
			runOnlyForDeploymentPostprocessing = 0;
		};
		37E41CE2276236D5002174D5 /* Resources */ = {
			isa = PBXResourcesBuildPhase;
			buildActionMask = 2147483647;
			files = (
			);
			runOnlyForDeploymentPostprocessing = 0;
		};
		37E41CEC276236D5002174D5 /* Resources */ = {
			isa = PBXResourcesBuildPhase;
			buildActionMask = 2147483647;
			files = (
			);
			runOnlyForDeploymentPostprocessing = 0;
		};
/* End PBXResourcesBuildPhase section */

/* Begin PBXSourcesBuildPhase section */
		37E41CCA276236D3002174D5 /* Sources */ = {
			isa = PBXSourcesBuildPhase;
			buildActionMask = 2147483647;
			files = (
				378574712764FAF700E3ABE6 /* PDFViewController.swift in Sources */,
				3785746327648B1B00E3ABE6 /* HomeViewController.swift in Sources */,
				378574672764AD9300E3ABE6 /* ListsViewController.swift in Sources */,
				3785746F2764F92600E3ABE6 /* MovieViewController.swift in Sources */,
				378574732764FE2100E3ABE6 /* DirectoriModel.swift in Sources */,
				37E41CD2276236D3002174D5 /* AppDelegate.swift in Sources */,
				37E41CD4276236D3002174D5 /* SceneDelegate.swift in Sources */,
				3785746A2764F36E00E3ABE6 /* TableViewCell.swift in Sources */,
				37E41D0527624175002174D5 /* ListModel.swift in Sources */,
			);
			runOnlyForDeploymentPostprocessing = 0;
		};
		37E41CE0276236D5002174D5 /* Sources */ = {
			isa = PBXSourcesBuildPhase;
			buildActionMask = 2147483647;
			files = (
				37E41CE9276236D5002174D5 /* SolutionAppTests.swift in Sources */,
			);
			runOnlyForDeploymentPostprocessing = 0;
		};
		37E41CEA276236D5002174D5 /* Sources */ = {
			isa = PBXSourcesBuildPhase;
			buildActionMask = 2147483647;
			files = (
				37E41CF3276236D5002174D5 /* SolutionAppUITests.swift in Sources */,
				37E41CF5276236D5002174D5 /* SolutionAppUITestsLaunchTests.swift in Sources */,
			);
			runOnlyForDeploymentPostprocessing = 0;
		};
/* End PBXSourcesBuildPhase section */

/* Begin PBXTargetDependency section */
		37E41CE6276236D5002174D5 /* PBXTargetDependency */ = {
			isa = PBXTargetDependency;
			target = 37E41CCD276236D3002174D5 /* SolutionApp */;
			targetProxy = 37E41CE5276236D5002174D5 /* PBXContainerItemProxy */;
		};
		37E41CF0276236D5002174D5 /* PBXTargetDependency */ = {
			isa = PBXTargetDependency;
			target = 37E41CCD276236D3002174D5 /* SolutionApp */;
			targetProxy = 37E41CEF276236D5002174D5 /* PBXContainerItemProxy */;
		};
/* End PBXTargetDependency section */

/* Begin PBXVariantGroup section */
		37E41CD7276236D3002174D5 /* Main.storyboard */ = {
			isa = PBXVariantGroup;
			children = (
				37E41CD8276236D3002174D5 /* Base */,
			);
			name = Main.storyboard;
			sourceTree = "<group>";
		};
		37E41CDC276236D5002174D5 /* LaunchScreen.storyboard */ = {
			isa = PBXVariantGroup;
			children = (
				37E41CDD276236D5002174D5 /* Base */,
			);
			name = LaunchScreen.storyboard;
			sourceTree = "<group>";
		};
/* End PBXVariantGroup section */

/* Begin XCBuildConfiguration section */
		37E41CF6276236D5002174D5 /* Debug */ = {
			isa = XCBuildConfiguration;
			buildSettings = {
				ALWAYS_SEARCH_USER_PATHS = NO;
				CLANG_ANALYZER_NONNULL = YES;
				CLANG_ANALYZER_NUMBER_OBJECT_CONVERSION = YES_AGGRESSIVE;
				CLANG_CXX_LANGUAGE_STANDARD = "gnu++17";
				CLANG_CXX_LIBRARY = "libc++";
				CLANG_ENABLE_MODULES = YES;
				CLANG_ENABLE_OBJC_ARC = YES;
				CLANG_ENABLE_OBJC_WEAK = YES;
				CLANG_WARN_BLOCK_CAPTURE_AUTORELEASING = YES;
				CLANG_WARN_BOOL_CONVERSION = YES;
				CLANG_WARN_COMMA = YES;
				CLANG_WARN_CONSTANT_CONVERSION = YES;
				CLANG_WARN_DEPRECATED_OBJC_IMPLEMENTATIONS = YES;
				CLANG_WARN_DIRECT_OBJC_ISA_USAGE = YES_ERROR;
				CLANG_WARN_DOCUMENTATION_COMMENTS = YES;
				CLANG_WARN_EMPTY_BODY = YES;
				CLANG_WARN_ENUM_CONVERSION = YES;
				CLANG_WARN_INFINITE_RECURSION = YES;
				CLANG_WARN_INT_CONVERSION = YES;
				CLANG_WARN_NON_LITERAL_NULL_CONVERSION = YES;
				CLANG_WARN_OBJC_IMPLICIT_RETAIN_SELF = YES;
				CLANG_WARN_OBJC_LITERAL_CONVERSION = YES;
				CLANG_WARN_OBJC_ROOT_CLASS = YES_ERROR;
				CLANG_WARN_QUOTED_INCLUDE_IN_FRAMEWORK_HEADER = YES;
				CLANG_WARN_RANGE_LOOP_ANALYSIS = YES;
				CLANG_WARN_STRICT_PROTOTYPES = YES;
				CLANG_WARN_SUSPICIOUS_MOVE = YES;
				CLANG_WARN_UNGUARDED_AVAILABILITY = YES_AGGRESSIVE;
				CLANG_WARN_UNREACHABLE_CODE = YES;
				CLANG_WARN__DUPLICATE_METHOD_MATCH = YES;
				COPY_PHASE_STRIP = NO;
				DEBUG_INFORMATION_FORMAT = dwarf;
				ENABLE_STRICT_OBJC_MSGSEND = YES;
				ENABLE_TESTABILITY = YES;
				GCC_C_LANGUAGE_STANDARD = gnu11;
				GCC_DYNAMIC_NO_PIC = NO;
				GCC_NO_COMMON_BLOCKS = YES;
				GCC_OPTIMIZATION_LEVEL = 0;
				GCC_PREPROCESSOR_DEFINITIONS = (
					"DEBUG=1",
					"$(inherited)",
				);
				GCC_WARN_64_TO_32_BIT_CONVERSION = YES;
				GCC_WARN_ABOUT_RETURN_TYPE = YES_ERROR;
				GCC_WARN_UNDECLARED_SELECTOR = YES;
				GCC_WARN_UNINITIALIZED_AUTOS = YES_AGGRESSIVE;
				GCC_WARN_UNUSED_FUNCTION = YES;
				GCC_WARN_UNUSED_VARIABLE = YES;
				IPHONEOS_DEPLOYMENT_TARGET = 15.0;
				MTL_ENABLE_DEBUG_INFO = INCLUDE_SOURCE;
				MTL_FAST_MATH = YES;
				ONLY_ACTIVE_ARCH = YES;
				SDKROOT = iphoneos;
				SWIFT_ACTIVE_COMPILATION_CONDITIONS = DEBUG;
				SWIFT_OPTIMIZATION_LEVEL = "-Onone";
			};
			name = Debug;
		};
		37E41CF7276236D5002174D5 /* Release */ = {
			isa = XCBuildConfiguration;
			buildSettings = {
				ALWAYS_SEARCH_USER_PATHS = NO;
				CLANG_ANALYZER_NONNULL = YES;
				CLANG_ANALYZER_NUMBER_OBJECT_CONVERSION = YES_AGGRESSIVE;
				CLANG_CXX_LANGUAGE_STANDARD = "gnu++17";
				CLANG_CXX_LIBRARY = "libc++";
				CLANG_ENABLE_MODULES = YES;
				CLANG_ENABLE_OBJC_ARC = YES;
				CLANG_ENABLE_OBJC_WEAK = YES;
				CLANG_WARN_BLOCK_CAPTURE_AUTORELEASING = YES;
				CLANG_WARN_BOOL_CONVERSION = YES;
				CLANG_WARN_COMMA = YES;
				CLANG_WARN_CONSTANT_CONVERSION = YES;
				CLANG_WARN_DEPRECATED_OBJC_IMPLEMENTATIONS = YES;
				CLANG_WARN_DIRECT_OBJC_ISA_USAGE = YES_ERROR;
				CLANG_WARN_DOCUMENTATION_COMMENTS = YES;
				CLANG_WARN_EMPTY_BODY = YES;
				CLANG_WARN_ENUM_CONVERSION = YES;
				CLANG_WARN_INFINITE_RECURSION = YES;
				CLANG_WARN_INT_CONVERSION = YES;
				CLANG_WARN_NON_LITERAL_NULL_CONVERSION = YES;
				CLANG_WARN_OBJC_IMPLICIT_RETAIN_SELF = YES;
				CLANG_WARN_OBJC_LITERAL_CONVERSION = YES;
				CLANG_WARN_OBJC_ROOT_CLASS = YES_ERROR;
				CLANG_WARN_QUOTED_INCLUDE_IN_FRAMEWORK_HEADER = YES;
				CLANG_WARN_RANGE_LOOP_ANALYSIS = YES;
				CLANG_WARN_STRICT_PROTOTYPES = YES;
				CLANG_WARN_SUSPICIOUS_MOVE = YES;
				CLANG_WARN_UNGUARDED_AVAILABILITY = YES_AGGRESSIVE;
				CLANG_WARN_UNREACHABLE_CODE = YES;
				CLANG_WARN__DUPLICATE_METHOD_MATCH = YES;
				COPY_PHASE_STRIP = NO;
				DEBUG_INFORMATION_FORMAT = "dwarf-with-dsym";
				ENABLE_NS_ASSERTIONS = NO;
				ENABLE_STRICT_OBJC_MSGSEND = YES;
				GCC_C_LANGUAGE_STANDARD = gnu11;
				GCC_NO_COMMON_BLOCKS = YES;
				GCC_WARN_64_TO_32_BIT_CONVERSION = YES;
				GCC_WARN_ABOUT_RETURN_TYPE = YES_ERROR;
				GCC_WARN_UNDECLARED_SELECTOR = YES;
				GCC_WARN_UNINITIALIZED_AUTOS = YES_AGGRESSIVE;
				GCC_WARN_UNUSED_FUNCTION = YES;
				GCC_WARN_UNUSED_VARIABLE = YES;
				IPHONEOS_DEPLOYMENT_TARGET = 15.0;
				MTL_ENABLE_DEBUG_INFO = NO;
				MTL_FAST_MATH = YES;
				SDKROOT = iphoneos;
				SWIFT_COMPILATION_MODE = wholemodule;
				SWIFT_OPTIMIZATION_LEVEL = "-O";
				VALIDATE_PRODUCT = YES;
			};
			name = Release;
		};
		37E41CF9276236D5002174D5 /* Debug */ = {
			isa = XCBuildConfiguration;
			buildSettings = {
				ASSETCATALOG_COMPILER_APPICON_NAME = AppIcon;
				ASSETCATALOG_COMPILER_GLOBAL_ACCENT_COLOR_NAME = AccentColor;
				CODE_SIGN_STYLE = Automatic;
				CURRENT_PROJECT_VERSION = 1;
				DEVELOPMENT_TEAM = 9XQ2R54NZC;
				GENERATE_INFOPLIST_FILE = YES;
				INFOPLIST_FILE = SolutionApp/Info.plist;
				INFOPLIST_KEY_UIApplicationSupportsIndirectInputEvents = YES;
				INFOPLIST_KEY_UILaunchStoryboardName = LaunchScreen;
				INFOPLIST_KEY_UIMainStoryboardFile = Main;
				INFOPLIST_KEY_UISupportedInterfaceOrientations_iPad = "UIInterfaceOrientationPortrait UIInterfaceOrientationPortraitUpsideDown UIInterfaceOrientationLandscapeLeft UIInterfaceOrientationLandscapeRight";
				INFOPLIST_KEY_UISupportedInterfaceOrientations_iPhone = "UIInterfaceOrientationPortrait UIInterfaceOrientationLandscapeLeft UIInterfaceOrientationLandscapeRight";
				LD_RUNPATH_SEARCH_PATHS = (
					"$(inherited)",
					"@executable_path/Frameworks",
				);
				MARKETING_VERSION = 1.0;
				PRODUCT_BUNDLE_IDENTIFIER = port.SolutionApp;
				PRODUCT_NAME = "$(TARGET_NAME)";
				SWIFT_EMIT_LOC_STRINGS = YES;
				SWIFT_VERSION = 5.0;
				TARGETED_DEVICE_FAMILY = "1,2";
			};
			name = Debug;
		};
		37E41CFA276236D5002174D5 /* Release */ = {
			isa = XCBuildConfiguration;
			buildSettings = {
				ASSETCATALOG_COMPILER_APPICON_NAME = AppIcon;
				ASSETCATALOG_COMPILER_GLOBAL_ACCENT_COLOR_NAME = AccentColor;
				CODE_SIGN_STYLE = Automatic;
				CURRENT_PROJECT_VERSION = 1;
				DEVELOPMENT_TEAM = 9XQ2R54NZC;
				GENERATE_INFOPLIST_FILE = YES;
				INFOPLIST_FILE = SolutionApp/Info.plist;
				INFOPLIST_KEY_UIApplicationSupportsIndirectInputEvents = YES;
				INFOPLIST_KEY_UILaunchStoryboardName = LaunchScreen;
				INFOPLIST_KEY_UIMainStoryboardFile = Main;
				INFOPLIST_KEY_UISupportedInterfaceOrientations_iPad = "UIInterfaceOrientationPortrait UIInterfaceOrientationPortraitUpsideDown UIInterfaceOrientationLandscapeLeft UIInterfaceOrientationLandscapeRight";
				INFOPLIST_KEY_UISupportedInterfaceOrientations_iPhone = "UIInterfaceOrientationPortrait UIInterfaceOrientationLandscapeLeft UIInterfaceOrientationLandscapeRight";
				LD_RUNPATH_SEARCH_PATHS = (
					"$(inherited)",
					"@executable_path/Frameworks",
				);
				MARKETING_VERSION = 1.0;
				PRODUCT_BUNDLE_IDENTIFIER = port.SolutionApp;
				PRODUCT_NAME = "$(TARGET_NAME)";
				SWIFT_EMIT_LOC_STRINGS = YES;
				SWIFT_VERSION = 5.0;
				TARGETED_DEVICE_FAMILY = "1,2";
			};
			name = Release;
		};
		37E41CFC276236D5002174D5 /* Debug */ = {
			isa = XCBuildConfiguration;
			buildSettings = {
				ALWAYS_EMBED_SWIFT_STANDARD_LIBRARIES = YES;
				BUNDLE_LOADER = "$(TEST_HOST)";
				CODE_SIGN_STYLE = Automatic;
				CURRENT_PROJECT_VERSION = 1;
				DEVELOPMENT_TEAM = 9XQ2R54NZC;
				GENERATE_INFOPLIST_FILE = YES;
				IPHONEOS_DEPLOYMENT_TARGET = 15.0;
				LD_RUNPATH_SEARCH_PATHS = (
					"$(inherited)",
					"@executable_path/Frameworks",
					"@loader_path/Frameworks",
				);
				MARKETING_VERSION = 1.0;
				PRODUCT_BUNDLE_IDENTIFIER = port.SolutionAppTests;
				PRODUCT_NAME = "$(TARGET_NAME)";
				SWIFT_EMIT_LOC_STRINGS = NO;
				SWIFT_VERSION = 5.0;
				TARGETED_DEVICE_FAMILY = "1,2";
				TEST_HOST = "$(BUILT_PRODUCTS_DIR)/SolutionApp.app/SolutionApp";
			};
			name = Debug;
		};
		37E41CFD276236D5002174D5 /* Release */ = {
			isa = XCBuildConfiguration;
			buildSettings = {
				ALWAYS_EMBED_SWIFT_STANDARD_LIBRARIES = YES;
				BUNDLE_LOADER = "$(TEST_HOST)";
				CODE_SIGN_STYLE = Automatic;
				CURRENT_PROJECT_VERSION = 1;
				DEVELOPMENT_TEAM = 9XQ2R54NZC;
				GENERATE_INFOPLIST_FILE = YES;
				IPHONEOS_DEPLOYMENT_TARGET = 15.0;
				LD_RUNPATH_SEARCH_PATHS = (
					"$(inherited)",
					"@executable_path/Frameworks",
					"@loader_path/Frameworks",
				);
				MARKETING_VERSION = 1.0;
				PRODUCT_BUNDLE_IDENTIFIER = port.SolutionAppTests;
				PRODUCT_NAME = "$(TARGET_NAME)";
				SWIFT_EMIT_LOC_STRINGS = NO;
				SWIFT_VERSION = 5.0;
				TARGETED_DEVICE_FAMILY = "1,2";
				TEST_HOST = "$(BUILT_PRODUCTS_DIR)/SolutionApp.app/SolutionApp";
			};
			name = Release;
		};
		37E41CFF276236D5002174D5 /* Debug */ = {
			isa = XCBuildConfiguration;
			buildSettings = {
				ALWAYS_EMBED_SWIFT_STANDARD_LIBRARIES = YES;
				CODE_SIGN_STYLE = Automatic;
				CURRENT_PROJECT_VERSION = 1;
				DEVELOPMENT_TEAM = 9XQ2R54NZC;
				GENERATE_INFOPLIST_FILE = YES;
				LD_RUNPATH_SEARCH_PATHS = (
					"$(inherited)",
					"@executable_path/Frameworks",
					"@loader_path/Frameworks",
				);
				MARKETING_VERSION = 1.0;
				PRODUCT_BUNDLE_IDENTIFIER = port.SolutionAppUITests;
				PRODUCT_NAME = "$(TARGET_NAME)";
				SWIFT_EMIT_LOC_STRINGS = NO;
				SWIFT_VERSION = 5.0;
				TARGETED_DEVICE_FAMILY = "1,2";
				TEST_TARGET_NAME = SolutionApp;
			};
			name = Debug;
		};
		37E41D00276236D5002174D5 /* Release */ = {
			isa = XCBuildConfiguration;
			buildSettings = {
				ALWAYS_EMBED_SWIFT_STANDARD_LIBRARIES = YES;
				CODE_SIGN_STYLE = Automatic;
				CURRENT_PROJECT_VERSION = 1;
				DEVELOPMENT_TEAM = 9XQ2R54NZC;
				GENERATE_INFOPLIST_FILE = YES;
				LD_RUNPATH_SEARCH_PATHS = (
					"$(inherited)",
					"@executable_path/Frameworks",
					"@loader_path/Frameworks",
				);
				MARKETING_VERSION = 1.0;
				PRODUCT_BUNDLE_IDENTIFIER = port.SolutionAppUITests;
				PRODUCT_NAME = "$(TARGET_NAME)";
				SWIFT_EMIT_LOC_STRINGS = NO;
				SWIFT_VERSION = 5.0;
				TARGETED_DEVICE_FAMILY = "1,2";
				TEST_TARGET_NAME = SolutionApp;
			};
			name = Release;
		};
/* End XCBuildConfiguration section */

/* Begin XCConfigurationList section */
		37E41CC9276236D3002174D5 /* Build configuration list for PBXProject "SolutionApp" */ = {
			isa = XCConfigurationList;
			buildConfigurations = (
				37E41CF6276236D5002174D5 /* Debug */,
				37E41CF7276236D5002174D5 /* Release */,
			);
			defaultConfigurationIsVisible = 0;
			defaultConfigurationName = Release;
		};
		37E41CF8276236D5002174D5 /* Build configuration list for PBXNativeTarget "SolutionApp" */ = {
			isa = XCConfigurationList;
			buildConfigurations = (
				37E41CF9276236D5002174D5 /* Debug */,
				37E41CFA276236D5002174D5 /* Release */,
			);
			defaultConfigurationIsVisible = 0;
			defaultConfigurationName = Release;
		};
		37E41CFB276236D5002174D5 /* Build configuration list for PBXNativeTarget "SolutionAppTests" */ = {
			isa = XCConfigurationList;
			buildConfigurations = (
				37E41CFC276236D5002174D5 /* Debug */,
				37E41CFD276236D5002174D5 /* Release */,
			);
			defaultConfigurationIsVisible = 0;
			defaultConfigurationName = Release;
		};
		37E41CFE276236D5002174D5 /* Build configuration list for PBXNativeTarget "SolutionAppUITests" */ = {
			isa = XCConfigurationList;
			buildConfigurations = (
				37E41CFF276236D5002174D5 /* Debug */,
				37E41D00276236D5002174D5 /* Release */,
			);
			defaultConfigurationIsVisible = 0;
			defaultConfigurationName = Release;
		};
/* End XCConfigurationList section */
	};
	rootObject = 37E41CC6276236D3002174D5 /* Project object */;
}
